
Microsoft Visual Studio Solution File, Format Version 12.00
# Visual Studio Version 17
VisualStudioVersion = 17.13.35806.99 d17.13
MinimumVisualStudioVersion = 10.0.40219.1
Project("{FAE04EC0-301F-11D3-BF4B-00C04F79EFBC}") = "CSharpNet8Login", "CSharpNet8Login\CSharpNet8Login.csproj", "{A825182A-34E5-41F7-B7D6-B12D4809A6A9}"
EndProject
Global
	GlobalSection(SolutionConfigurationPlatforms) = preSolution
		Debug|Any CPU = Debug|Any CPU
		Release|Any CPU = Release|Any CPU
	EndGlobalSection
	GlobalSection(ProjectConfigurationPlatforms) = postSolution
		{A825182A-34E5-41F7-B7D6-B12D4809A6A9}.Debug|Any CPU.ActiveCfg = Debug|Any CPU
		{A825182A-34E5-41F7-B7D6-B12D4809A6A9}.Debug|Any CPU.Build.0 = Debug|Any CPU
		{A825182A-34E5-41F7-B7D6-B12D4809A6A9}.Release|Any CPU.ActiveCfg = Release|Any CPU
		{A825182A-34E5-41F7-B7D6-B12D4809A6A9}.Release|Any CPU.Build.0 = Release|Any CPU
	EndGlobalSection
	GlobalSection(SolutionProperties) = preSolution
		HideSolutionNode = FALSE
	EndGlobalSection
	GlobalSection(ExtensibilityGlobals) = postSolution
		SolutionGuid = {1BBA0986-F74A-4335-973A-C7B982C6D8A0}
	EndGlobalSection
EndGlobal
